
Microsoft Visual Studio Solution File, Format Version 12.00
# Visual Studio 15
Project("{FAE04EC0-301F-11D3-BF4B-00C04F79EFBC}") = "VRMShaders.VRM10.MToon10.Runtime", "VRMShaders.VRM10.MToon10.Runtime.csproj", "{C73C6EC5-B470-98AC-960E-8A7DB5B834B2}"
EndProject
Project("{FAE04EC0-301F-11D3-BF4B-00C04F79EFBC}") = "UniHumanoid", "UniHumanoid.csproj", "{374DAD18-41AB-A3B4-170E-AAB236435463}"
EndProject
Project("{FAE04EC0-301F-11D3-BF4B-00C04F79EFBC}") = "VRMShaders.GLTF.IO.Runtime", "VRMShaders.GLTF.IO.Runtime.csproj", "{BB2D14A0-EA54-CFA8-4C2D-0A0BF65FCD0D}"
EndProject
Project("{FAE04EC0-301F-11D3-BF4B-00C04F79EFBC}") = "UniGLTF", "UniGLTF.csproj", "{FE70B4E2-C958-2545-E977-E3D2D7FEF277}"
EndProject
Project("{FAE04EC0-301F-11D3-BF4B-00C04F79EFBC}") = "VRM", "VRM.csproj", "{F1D7E43E-77A3-A195-2725-5F1C6B07036B}"
EndProject
Project("{FAE04EC0-301F-11D3-BF4B-00C04F79EFBC}") = "FastSpringBone", "FastSpringBone.csproj", "{0972A2EC-E9FD-D77A-9E52-A2CE1A34872E}"
EndProject
Project("{FAE04EC0-301F-11D3-BF4B-00C04F79EFBC}") = "VRMShaders.GLTF.UniUnlit.Editor", "VRMShaders.GLTF.UniUnlit.Editor.csproj", "{BF96EF4E-24BD-056C-E335-219032B473BA}"
EndProject
Project("{FAE04EC0-301F-11D3-BF4B-00C04F79EFBC}") = "UniGLTF.Tests", "UniGLTF.Tests.csproj", "{E92E9421-FFA0-F705-F24F-164C7DABC82B}"
EndProject
Project("{FAE04EC0-301F-11D3-BF4B-00C04F79EFBC}") = "UniGLTF.Editor", "UniGLTF.Editor.csproj", "{752CCB34-AD2F-E6A8-57EA-831583BF4901}"
EndProject
Project("{FAE04EC0-301F-11D3-BF4B-00C04F79EFBC}") = "VRMShaders.GLTF.IO.Editor", "VRMShaders.GLTF.IO.Editor.csproj", "{AFDE3980-55EE-3AAE-1DEF-B80BA7878888}"
EndProject
Project("{FAE04EC0-301F-11D3-BF4B-00C04F79EFBC}") = "UniVRM.Editor", "UniVRM.Editor.csproj", "{8D9ACF5C-F098-EAF1-5D63-39BD086A8F60}"
EndProject
Project("{FAE04EC0-301F-11D3-BF4B-00C04F79EFBC}") = "VRMShaders.GLTF.IO.Tests", "VRMShaders.GLTF.IO.Tests.csproj", "{413BDB2F-4F94-7F19-964F-A206670EF705}"
EndProject
Project("{FAE04EC0-301F-11D3-BF4B-00C04F79EFBC}") = "VRM.Tests", "VRM.Tests.csproj", "{2E5C0E26-4A92-B697-4142-0091BBF6B6F1}"
EndProject
Project("{FAE04EC0-301F-11D3-BF4B-00C04F79EFBC}") = "UniHumanoid.Editor", "UniHumanoid.Editor.csproj", "{8F8E53C9-FEF7-7041-9DEE-24630FFE6678}"
EndProject
Project("{FAE04EC0-301F-11D3-BF4B-00C04F79EFBC}") = "MToon", "MToon.csproj", "{09039834-83A3-34B7-EBD3-3A2EB5019E27}"
EndProject
Project("{FAE04EC0-301F-11D3-BF4B-00C04F79EFBC}") = "VRM.Samples.Editor.Tests", "VRM.Samples.Editor.Tests.csproj", "{EE3986FD-0550-39EE-4CFA-CA7CD963ECEB}"
EndProject
Project("{FAE04EC0-301F-11D3-BF4B-00C04F79EFBC}") = "MToon.Editor", "MToon.Editor.csproj", "{61B8095F-5AD5-B46B-A262-57B30ACEC553}"
EndProject
Project("{FAE04EC0-301F-11D3-BF4B-00C04F79EFBC}") = "VRMShaders.VRM10.MToon10.Editor", "VRMShaders.VRM10.MToon10.Editor.csproj", "{0A634FE9-BA0E-9205-7BA5-8DD493727DC7}"
EndProject
Project("{FAE04EC0-301F-11D3-BF4B-00C04F79EFBC}") = "UniHumanoid.Editor.Tests", "UniHumanoid.Editor.Tests.csproj", "{577FDC11-9F16-0EA3-34DE-CE3C18F55E84}"
EndProject
Project("{FAE04EC0-301F-11D3-BF4B-00C04F79EFBC}") = "UniGLTF.Utils", "UniGLTF.Utils.csproj", "{29190513-BD6F-7A20-F715-3CF1B4B83593}"
EndProject
Project("{FAE04EC0-301F-11D3-BF4B-00C04F79EFBC}") = "VRMShaders.VRM.IO.Runtime", "VRMShaders.VRM.IO.Runtime.csproj", "{DB5C3A36-C077-5058-F668-2DA8D2E63CAE}"
EndProject
Project("{FAE04EC0-301F-11D3-BF4B-00C04F79EFBC}") = "VRMShaders.VRM10.Format.Runtime", "VRMShaders.VRM10.Format.Runtime.csproj", "{F29CD7A7-0421-C4E7-10BC-2C1536A6CAC9}"
EndProject
Project("{FAE04EC0-301F-11D3-BF4B-00C04F79EFBC}") = "VRMShaders.VRM10.MToon10.Tests", "VRMShaders.VRM10.MToon10.Tests.csproj", "{0FFC43F7-763F-DD59-B972-9B00D81F00C5}"
EndProject
Project("{FAE04EC0-301F-11D3-BF4B-00C04F79EFBC}") = "VRMShaders.GLTF.UniUnlit.Runtime", "VRMShaders.GLTF.UniUnlit.Runtime.csproj", "{EC3C769F-66CD-7616-BAB2-EA970103702A}"
EndProject
Project("{FAE04EC0-301F-11D3-BF4B-00C04F79EFBC}") = "Assembly-CSharp", "Assembly-CSharp.csproj", "{27A14636-4416-37DD-E4F5-568B61906576}"
EndProject
Global
	GlobalSection(SolutionConfigurationPlatforms) = preSolution
		Debug|Any CPU = Debug|Any CPU
		Release|Any CPU = Release|Any CPU
	EndGlobalSection
	GlobalSection(ProjectConfigurationPlatforms) = postSolution
		{C73C6EC5-B470-98AC-960E-8A7DB5B834B2}.Debug|Any CPU.ActiveCfg = Debug|Any CPU
		{C73C6EC5-B470-98AC-960E-8A7DB5B834B2}.Debug|Any CPU.Build.0 = Debug|Any CPU
		{C73C6EC5-B470-98AC-960E-8A7DB5B834B2}.Release|Any CPU.ActiveCfg = Release|Any CPU
		{C73C6EC5-B470-98AC-960E-8A7DB5B834B2}.Release|Any CPU.Build.0 = Release|Any CPU
		{374DAD18-41AB-A3B4-170E-AAB236435463}.Debug|Any CPU.ActiveCfg = Debug|Any CPU
		{374DAD18-41AB-A3B4-170E-AAB236435463}.Debug|Any CPU.Build.0 = Debug|Any CPU
		{374DAD18-41AB-A3B4-170E-AAB236435463}.Release|Any CPU.ActiveCfg = Release|Any CPU
		{374DAD18-41AB-A3B4-170E-AAB236435463}.Release|Any CPU.Build.0 = Release|Any CPU
		{BB2D14A0-EA54-CFA8-4C2D-0A0BF65FCD0D}.Debug|Any CPU.ActiveCfg = Debug|Any CPU
		{BB2D14A0-EA54-CFA8-4C2D-0A0BF65FCD0D}.Debug|Any CPU.Build.0 = Debug|Any CPU
		{BB2D14A0-EA54-CFA8-4C2D-0A0BF65FCD0D}.Release|Any CPU.ActiveCfg = Release|Any CPU
		{BB2D14A0-EA54-CFA8-4C2D-0A0BF65FCD0D}.Release|Any CPU.Build.0 = Release|Any CPU
		{FE70B4E2-C958-2545-E977-E3D2D7FEF277}.Debug|Any CPU.ActiveCfg = Debug|Any CPU
		{FE70B4E2-C958-2545-E977-E3D2D7FEF277}.Debug|Any CPU.Build.0 = Debug|Any CPU
		{FE70B4E2-C958-2545-E977-E3D2D7FEF277}.Release|Any CPU.ActiveCfg = Release|Any CPU
		{FE70B4E2-C958-2545-E977-E3D2D7FEF277}.Release|Any CPU.Build.0 = Release|Any CPU
		{F1D7E43E-77A3-A195-2725-5F1C6B07036B}.Debug|Any CPU.ActiveCfg = Debug|Any CPU
		{F1D7E43E-77A3-A195-2725-5F1C6B07036B}.Debug|Any CPU.Build.0 = Debug|Any CPU
		{F1D7E43E-77A3-A195-2725-5F1C6B07036B}.Release|Any CPU.ActiveCfg = Release|Any CPU
		{F1D7E43E-77A3-A195-2725-5F1C6B07036B}.Release|Any CPU.Build.0 = Release|Any CPU
		{0972A2EC-E9FD-D77A-9E52-A2CE1A34872E}.Debug|Any CPU.ActiveCfg = Debug|Any CPU
		{0972A2EC-E9FD-D77A-9E52-A2CE1A34872E}.Debug|Any CPU.Build.0 = Debug|Any CPU
		{0972A2EC-E9FD-D77A-9E52-A2CE1A34872E}.Release|Any CPU.ActiveCfg = Release|Any CPU
		{0972A2EC-E9FD-D77A-9E52-A2CE1A34872E}.Release|Any CPU.Build.0 = Release|Any CPU
		{BF96EF4E-24BD-056C-E335-219032B473BA}.Debug|Any CPU.ActiveCfg = Debug|Any CPU
		{BF96EF4E-24BD-056C-E335-219032B473BA}.Debug|Any CPU.Build.0 = Debug|Any CPU
		{BF96EF4E-24BD-056C-E335-219032B473BA}.Release|Any CPU.ActiveCfg = Release|Any CPU
		{BF96EF4E-24BD-056C-E335-219032B473BA}.Release|Any CPU.Build.0 = Release|Any CPU
		{E92E9421-FFA0-F705-F24F-164C7DABC82B}.Debug|Any CPU.ActiveCfg = Debug|Any CPU
		{E92E9421-FFA0-F705-F24F-164C7DABC82B}.Debug|Any CPU.Build.0 = Debug|Any CPU
		{E92E9421-FFA0-F705-F24F-164C7DABC82B}.Release|Any CPU.ActiveCfg = Release|Any CPU
		{E92E9421-FFA0-F705-F24F-164C7DABC82B}.Release|Any CPU.Build.0 = Release|Any CPU
		{752CCB34-AD2F-E6A8-57EA-831583BF4901}.Debug|Any CPU.ActiveCfg = Debug|Any CPU
		{752CCB34-AD2F-E6A8-57EA-831583BF4901}.Debug|Any CPU.Build.0 = Debug|Any CPU
		{752CCB34-AD2F-E6A8-57EA-831583BF4901}.Release|Any CPU.ActiveCfg = Release|Any CPU
		{752CCB34-AD2F-E6A8-57EA-831583BF4901}.Release|Any CPU.Build.0 = Release|Any CPU
		{AFDE3980-55EE-3AAE-1DEF-B80BA7878888}.Debug|Any CPU.ActiveCfg = Debug|Any CPU
		{AFDE3980-55EE-3AAE-1DEF-B80BA7878888}.Debug|Any CPU.Build.0 = Debug|Any CPU
		{AFDE3980-55EE-3AAE-1DEF-B80BA7878888}.Release|Any CPU.ActiveCfg = Release|Any CPU
		{AFDE3980-55EE-3AAE-1DEF-B80BA7878888}.Release|Any CPU.Build.0 = Release|Any CPU
		{8D9ACF5C-F098-EAF1-5D63-39BD086A8F60}.Debug|Any CPU.ActiveCfg = Debug|Any CPU
		{8D9ACF5C-F098-EAF1-5D63-39BD086A8F60}.Debug|Any CPU.Build.0 = Debug|Any CPU
		{8D9ACF5C-F098-EAF1-5D63-39BD086A8F60}.Release|Any CPU.ActiveCfg = Release|Any CPU
		{8D9ACF5C-F098-EAF1-5D63-39BD086A8F60}.Release|Any CPU.Build.0 = Release|Any CPU
		{413BDB2F-4F94-7F19-964F-A206670EF705}.Debug|Any CPU.ActiveCfg = Debug|Any CPU
		{413BDB2F-4F94-7F19-964F-A206670EF705}.Debug|Any CPU.Build.0 = Debug|Any CPU
		{413BDB2F-4F94-7F19-964F-A206670EF705}.Release|Any CPU.ActiveCfg = Release|Any CPU
		{413BDB2F-4F94-7F19-964F-A206670EF705}.Release|Any CPU.Build.0 = Release|Any CPU
		{2E5C0E26-4A92-B697-4142-0091BBF6B6F1}.Debug|Any CPU.ActiveCfg = Debug|Any CPU
		{2E5C0E26-4A92-B697-4142-0091BBF6B6F1}.Debug|Any CPU.Build.0 = Debug|Any CPU
		{2E5C0E26-4A92-B697-4142-0091BBF6B6F1}.Release|Any CPU.ActiveCfg = Release|Any CPU
		{2E5C0E26-4A92-B697-4142-0091BBF6B6F1}.Release|Any CPU.Build.0 = Release|Any CPU
		{8F8E53C9-FEF7-7041-9DEE-24630FFE6678}.Debug|Any CPU.ActiveCfg = Debug|Any CPU
		{8F8E53C9-FEF7-7041-9DEE-24630FFE6678}.Debug|Any CPU.Build.0 = Debug|Any CPU
		{8F8E53C9-FEF7-7041-9DEE-24630FFE6678}.Release|Any CPU.ActiveCfg = Release|Any CPU
		{8F8E53C9-FEF7-7041-9DEE-24630FFE6678}.Release|Any CPU.Build.0 = Release|Any CPU
		{09039834-83A3-34B7-EBD3-3A2EB5019E27}.Debug|Any CPU.ActiveCfg = Debug|Any CPU
		{09039834-83A3-34B7-EBD3-3A2EB5019E27}.Debug|Any CPU.Build.0 = Debug|Any CPU
		{09039834-83A3-34B7-EBD3-3A2EB5019E27}.Release|Any CPU.ActiveCfg = Release|Any CPU
		{09039834-83A3-34B7-EBD3-3A2EB5019E27}.Release|Any CPU.Build.0 = Release|Any CPU
		{EE3986FD-0550-39EE-4CFA-CA7CD963ECEB}.Debug|Any CPU.ActiveCfg = Debug|Any CPU
		{EE3986FD-0550-39EE-4CFA-CA7CD963ECEB}.Debug|Any CPU.Build.0 = Debug|Any CPU
		{EE3986FD-0550-39EE-4CFA-CA7CD963ECEB}.Release|Any CPU.ActiveCfg = Release|Any CPU
		{EE3986FD-0550-39EE-4CFA-CA7CD963ECEB}.Release|Any CPU.Build.0 = Release|Any CPU
		{61B8095F-5AD5-B46B-A262-57B30ACEC553}.Debug|Any CPU.ActiveCfg = Debug|Any CPU
		{61B8095F-5AD5-B46B-A262-57B30ACEC553}.Debug|Any CPU.Build.0 = Debug|Any CPU
		{61B8095F-5AD5-B46B-A262-57B30ACEC553}.Release|Any CPU.ActiveCfg = Release|Any CPU
		{61B8095F-5AD5-B46B-A262-57B30ACEC553}.Release|Any CPU.Build.0 = Release|Any CPU
		{0A634FE9-BA0E-9205-7BA5-8DD493727DC7}.Debug|Any CPU.ActiveCfg = Debug|Any CPU
		{0A634FE9-BA0E-9205-7BA5-8DD493727DC7}.Debug|Any CPU.Build.0 = Debug|Any CPU
		{0A634FE9-BA0E-9205-7BA5-8DD493727DC7}.Release|Any CPU.ActiveCfg = Release|Any CPU
		{0A634FE9-BA0E-9205-7BA5-8DD493727DC7}.Release|Any CPU.Build.0 = Release|Any CPU
		{577FDC11-9F16-0EA3-34DE-CE3C18F55E84}.Debug|Any CPU.ActiveCfg = Debug|Any CPU
		{577FDC11-9F16-0EA3-34DE-CE3C18F55E84}.Debug|Any CPU.Build.0 = Debug|Any CPU
		{577FDC11-9F16-0EA3-34DE-CE3C18F55E84}.Release|Any CPU.ActiveCfg = Release|Any CPU
		{577FDC11-9F16-0EA3-34DE-CE3C18F55E84}.Release|Any CPU.Build.0 = Release|Any CPU
		{29190513-BD6F-7A20-F715-3CF1B4B83593}.Debug|Any CPU.ActiveCfg = Debug|Any CPU
		{29190513-BD6F-7A20-F715-3CF1B4B83593}.Debug|Any CPU.Build.0 = Debug|Any CPU
		{29190513-BD6F-7A20-F715-3CF1B4B83593}.Release|Any CPU.ActiveCfg = Release|Any CPU
		{29190513-BD6F-7A20-F715-3CF1B4B83593}.Release|Any CPU.Build.0 = Release|Any CPU
		{DB5C3A36-C077-5058-F668-2DA8D2E63CAE}.Debug|Any CPU.ActiveCfg = Debug|Any CPU
		{DB5C3A36-C077-5058-F668-2DA8D2E63CAE}.Debug|Any CPU.Build.0 = Debug|Any CPU
		{DB5C3A36-C077-5058-F668-2DA8D2E63CAE}.Release|Any CPU.ActiveCfg = Release|Any CPU
		{DB5C3A36-C077-5058-F668-2DA8D2E63CAE}.Release|Any CPU.Build.0 = Release|Any CPU
		{F29CD7A7-0421-C4E7-10BC-2C1536A6CAC9}.Debug|Any CPU.ActiveCfg = Debug|Any CPU
		{F29CD7A7-0421-C4E7-10BC-2C1536A6CAC9}.Debug|Any CPU.Build.0 = Debug|Any CPU
		{F29CD7A7-0421-C4E7-10BC-2C1536A6CAC9}.Release|Any CPU.ActiveCfg = Release|Any CPU
		{F29CD7A7-0421-C4E7-10BC-2C1536A6CAC9}.Release|Any CPU.Build.0 = Release|Any CPU
		{0FFC43F7-763F-DD59-B972-9B00D81F00C5}.Debug|Any CPU.ActiveCfg = Debug|Any CPU
		{0FFC43F7-763F-DD59-B972-9B00D81F00C5}.Debug|Any CPU.Build.0 = Debug|Any CPU
		{0FFC43F7-763F-DD59-B972-9B00D81F00C5}.Release|Any CPU.ActiveCfg = Release|Any CPU
		{0FFC43F7-763F-DD59-B972-9B00D81F00C5}.Release|Any CPU.Build.0 = Release|Any CPU
		{EC3C769F-66CD-7616-BAB2-EA970103702A}.Debug|Any CPU.ActiveCfg = Debug|Any CPU
		{EC3C769F-66CD-7616-BAB2-EA970103702A}.Debug|Any CPU.Build.0 = Debug|Any CPU
		{EC3C769F-66CD-7616-BAB2-EA970103702A}.Release|Any CPU.ActiveCfg = Release|Any CPU
		{EC3C769F-66CD-7616-BAB2-EA970103702A}.Release|Any CPU.Build.0 = Release|Any CPU
		{27A14636-4416-37DD-E4F5-568B61906576}.Debug|Any CPU.ActiveCfg = Debug|Any CPU
		{27A14636-4416-37DD-E4F5-568B61906576}.Debug|Any CPU.Build.0 = Debug|Any CPU
		{27A14636-4416-37DD-E4F5-568B61906576}.Release|Any CPU.ActiveCfg = Release|Any CPU
		{27A14636-4416-37DD-E4F5-568B61906576}.Release|Any CPU.Build.0 = Release|Any CPU
	EndGlobalSection
	GlobalSection(SolutionProperties) = preSolution
		HideSolutionNode = FALSE
	EndGlobalSection
EndGlobal
